{
  "name": "p2",
  "version": "1.0.0",
  "lockfileVersion": 1,
  "requires": true,
  "dependencies": {
    "asciitree": {
      "version": "1.0.2",
      "resolved": "https://registry.npmjs.org/asciitree/-/asciitree-1.0.2.tgz",
      "integrity": "sha1-4NsOHSPbJHRCdqvG86k8yMX2cQA="
    },
    "bluebird": {
      "version": "3.7.2",
      "resolved": "https://registry.npmjs.org/bluebird/-/bluebird-3.7.2.tgz",
      "integrity": "sha512-XpNj6GDQzdfW+r2Wnn7xiSAd7TM3jzkxGXBGTtWKuSXv1xUV+azxAm8jdWZN06QTQk+2N2XB9jRDkvbmQmcRtg=="
    },
    "emitter-component": {
      "version": "1.1.1",
      "resolved": "https://registry.npmjs.org/emitter-component/-/emitter-component-1.1.1.tgz",
      "integrity": "sha1-Bl4tvtaVm/RwZ57avq95gdEAOrY="
    },
    "tree-node": {
      "version": "0.2.3",
      "resolved": "https://registry.npmjs.org/tree-node/-/tree-node-0.2.3.tgz",
      "integrity": "sha1-PV9r8xMnuHYKFwkngCYlyp2HZZE=",
      "requires": {
        "emitter-component": "~1.1.1"
      }
    },
    "underscore": {
      "version": "1.13.1",
      "resolved": "https://registry.npmjs.org/underscore/-/underscore-1.13.1.tgz",
      "integrity": "sha512-hzSoAVtJF+3ZtiFX0VgfFPHEDRm7Y/QPjGyNo4TVdnDTdft3tr8hEkD25a1jC+TjTuE7tkHGKkhwCgs9dgBB2g=="
    }
  }
}
